
Microsoft Visual Studio Solution File, Format Version 12.00
# Visual Studio Version 16
VisualStudioVersion = 16.0.30523.141
MinimumVisualStudioVersion = 10.0.40219.1
Project("{9A19103F-16F7-4668-BE54-9A1E7A4F7556}") = "GI.CS.WPF.Core.CheckList", "GI.CS.WPF.Core.CheckList\GI.CS.WPF.Core.CheckList.csproj", "{32BD1671-7EEE-4958-9251-DE10301FB638}"
EndProject
Project("{FAE04EC0-301F-11D3-BF4B-00C04F79EFBC}") = "GI.CS.WPF.FW.CheckList", "GI.CS.WPF.FW.CheckList\GI.CS.WPF.FW.CheckList.csproj", "{30EFE844-4302-47A2-8E88-0464C4562FF6}"
EndProject
Project("{2150E333-8FDC-42A3-9474-1A3956D46DE8}") = "Solution Items", "Solution Items", "{8CE2826F-48C8-4142-9CA2-934218F5DC41}"
	ProjectSection(SolutionItems) = preProject
		TODO.md = TODO.md
	EndProjectSection
EndProject
Project("{FAE04EC0-301F-11D3-BF4B-00C04F79EFBC}") = "DLLDBQuestBox", "DLLDBQuestBox\DLLDBQuestBox.csproj", "{531CD185-EF6F-4B41-8D16-BBEF51258DD4}"
EndProject
Project("{FAE04EC0-301F-11D3-BF4B-00C04F79EFBC}") = "Test.DBQuestBoxSQLite", "Test.DBQuestBoxSQLite\Test.DBQuestBoxSQLite.csproj", "{09B14990-259D-4388-9899-9E7A15C14696}"
EndProject
Global
	GlobalSection(SolutionConfigurationPlatforms) = preSolution
		Debug|Any CPU = Debug|Any CPU
		Debug|x64 = Debug|x64
		Debug|x86 = Debug|x86
		Release|Any CPU = Release|Any CPU
		Release|x64 = Release|x64
		Release|x86 = Release|x86
	EndGlobalSection
	GlobalSection(ProjectConfigurationPlatforms) = postSolution
		{32BD1671-7EEE-4958-9251-DE10301FB638}.Debug|Any CPU.ActiveCfg = Debug|Any CPU
		{32BD1671-7EEE-4958-9251-DE10301FB638}.Debug|Any CPU.Build.0 = Debug|Any CPU
		{32BD1671-7EEE-4958-9251-DE10301FB638}.Debug|x64.ActiveCfg = Debug|x64
		{32BD1671-7EEE-4958-9251-DE10301FB638}.Debug|x64.Build.0 = Debug|x64
		{32BD1671-7EEE-4958-9251-DE10301FB638}.Debug|x86.ActiveCfg = Debug|x86
		{32BD1671-7EEE-4958-9251-DE10301FB638}.Debug|x86.Build.0 = Debug|x86
		{32BD1671-7EEE-4958-9251-DE10301FB638}.Release|Any CPU.ActiveCfg = Release|Any CPU
		{32BD1671-7EEE-4958-9251-DE10301FB638}.Release|Any CPU.Build.0 = Release|Any CPU
		{32BD1671-7EEE-4958-9251-DE10301FB638}.Release|x64.ActiveCfg = Release|x64
		{32BD1671-7EEE-4958-9251-DE10301FB638}.Release|x64.Build.0 = Release|x64
		{32BD1671-7EEE-4958-9251-DE10301FB638}.Release|x86.ActiveCfg = Release|x86
		{32BD1671-7EEE-4958-9251-DE10301FB638}.Release|x86.Build.0 = Release|x86
		{30EFE844-4302-47A2-8E88-0464C4562FF6}.Debug|Any CPU.ActiveCfg = Debug|Any CPU
		{30EFE844-4302-47A2-8E88-0464C4562FF6}.Debug|Any CPU.Build.0 = Debug|Any CPU
		{30EFE844-4302-47A2-8E88-0464C4562FF6}.Debug|x64.ActiveCfg = Debug|Any CPU
		{30EFE844-4302-47A2-8E88-0464C4562FF6}.Debug|x64.Build.0 = Debug|Any CPU
		{30EFE844-4302-47A2-8E88-0464C4562FF6}.Debug|x86.ActiveCfg = Debug|Any CPU
		{30EFE844-4302-47A2-8E88-0464C4562FF6}.Debug|x86.Build.0 = Debug|Any CPU
		{30EFE844-4302-47A2-8E88-0464C4562FF6}.Release|Any CPU.ActiveCfg = Release|Any CPU
		{30EFE844-4302-47A2-8E88-0464C4562FF6}.Release|Any CPU.Build.0 = Release|Any CPU
		{30EFE844-4302-47A2-8E88-0464C4562FF6}.Release|x64.ActiveCfg = Release|Any CPU
		{30EFE844-4302-47A2-8E88-0464C4562FF6}.Release|x64.Build.0 = Release|Any CPU
		{30EFE844-4302-47A2-8E88-0464C4562FF6}.Release|x86.ActiveCfg = Release|Any CPU
		{30EFE844-4302-47A2-8E88-0464C4562FF6}.Release|x86.Build.0 = Release|Any CPU
		{531CD185-EF6F-4B41-8D16-BBEF51258DD4}.Debug|Any CPU.ActiveCfg = Debug|Any CPU
		{531CD185-EF6F-4B41-8D16-BBEF51258DD4}.Debug|Any CPU.Build.0 = Debug|Any CPU
		{531CD185-EF6F-4B41-8D16-BBEF51258DD4}.Debug|x64.ActiveCfg = Debug|Any CPU
		{531CD185-EF6F-4B41-8D16-BBEF51258DD4}.Debug|x64.Build.0 = Debug|Any CPU
		{531CD185-EF6F-4B41-8D16-BBEF51258DD4}.Debug|x86.ActiveCfg = Debug|Any CPU
		{531CD185-EF6F-4B41-8D16-BBEF51258DD4}.Debug|x86.Build.0 = Debug|Any CPU
		{531CD185-EF6F-4B41-8D16-BBEF51258DD4}.Release|Any CPU.ActiveCfg = Release|Any CPU
		{531CD185-EF6F-4B41-8D16-BBEF51258DD4}.Release|Any CPU.Build.0 = Release|Any CPU
		{531CD185-EF6F-4B41-8D16-BBEF51258DD4}.Release|x64.ActiveCfg = Release|Any CPU
		{531CD185-EF6F-4B41-8D16-BBEF51258DD4}.Release|x64.Build.0 = Release|Any CPU
		{531CD185-EF6F-4B41-8D16-BBEF51258DD4}.Release|x86.ActiveCfg = Release|Any CPU
		{531CD185-EF6F-4B41-8D16-BBEF51258DD4}.Release|x86.Build.0 = Release|Any CPU
		{09B14990-259D-4388-9899-9E7A15C14696}.Debug|Any CPU.ActiveCfg = Debug|Any CPU
		{09B14990-259D-4388-9899-9E7A15C14696}.Debug|Any CPU.Build.0 = Debug|Any CPU
		{09B14990-259D-4388-9899-9E7A15C14696}.Debug|x64.ActiveCfg = Debug|Any CPU
		{09B14990-259D-4388-9899-9E7A15C14696}.Debug|x64.Build.0 = Debug|Any CPU
		{09B14990-259D-4388-9899-9E7A15C14696}.Debug|x86.ActiveCfg = Debug|Any CPU
		{09B14990-259D-4388-9899-9E7A15C14696}.Debug|x86.Build.0 = Debug|Any CPU
		{09B14990-259D-4388-9899-9E7A15C14696}.Release|Any CPU.ActiveCfg = Release|Any CPU
		{09B14990-259D-4388-9899-9E7A15C14696}.Release|Any CPU.Build.0 = Release|Any CPU
		{09B14990-259D-4388-9899-9E7A15C14696}.Release|x64.ActiveCfg = Release|Any CPU
		{09B14990-259D-4388-9899-9E7A15C14696}.Release|x64.Build.0 = Release|Any CPU
		{09B14990-259D-4388-9899-9E7A15C14696}.Release|x86.ActiveCfg = Release|Any CPU
		{09B14990-259D-4388-9899-9E7A15C14696}.Release|x86.Build.0 = Release|Any CPU
	EndGlobalSection
	GlobalSection(SolutionProperties) = preSolution
		HideSolutionNode = FALSE
	EndGlobalSection
	GlobalSection(ExtensibilityGlobals) = postSolution
		SolutionGuid = {BC0CAA5E-3865-45A1-B178-9458CC3118BA}
	EndGlobalSection
EndGlobal
